
Microsoft Visual Studio Solution File, Format Version 12.00
# Visual Studio Version 16
VisualStudioVersion = 25.0.1706.12
MinimumVisualStudioVersion = 10.0.40219.1
Project("{FAE04EC0-301F-11D3-BF4B-00C04F79EFBC}") = "proyecto1prueba", "proyecto1prueba\proyecto1prueba.csproj", "{4854409A-2338-4280-94CE-91C630F7AFBC}"
EndProject
Global
	GlobalSection(SolutionConfigurationPlatforms) = preSolution
		Debug|Any CPU = Debug|Any CPU
		Release|Any CPU = Release|Any CPU
	EndGlobalSection
	GlobalSection(ProjectConfigurationPlatforms) = postSolution
		{4854409A-2338-4280-94CE-91C630F7AFBC}.Debug|Any CPU.ActiveCfg = Debug|Any CPU
		{4854409A-2338-4280-94CE-91C630F7AFBC}.Debug|Any CPU.Build.0 = Debug|Any CPU
		{4854409A-2338-4280-94CE-91C630F7AFBC}.Release|Any CPU.ActiveCfg = Release|Any CPU
		{4854409A-2338-4280-94CE-91C630F7AFBC}.Release|Any CPU.Build.0 = Release|Any CPU
	EndGlobalSection
	GlobalSection(SolutionProperties) = preSolution
		HideSolutionNode = FALSE
	EndGlobalSection
	GlobalSection(ExtensibilityGlobals) = postSolution
		SolutionGuid = {27D5823C-A1F3-403D-ADA0-38BAFB9463E9}
	EndGlobalSection
EndGlobal
